
Microsoft Visual Studio Solution File, Format Version 12.00
# Visual Studio 15
VisualStudioVersion = 15.0.28307.438
MinimumVisualStudioVersion = 10.0.40219.1
Project("{00D1A9C2-B5F0-4AF3-8072-F6C62B433612}") = "KnowledgeCenterDatabase", "KnowledgeCenterDatabase\KnowledgeCenterDatabase.sqlproj", "{B7C16F18-BB21-48AA-BAA0-5CD6D8DAFE18}"
EndProject
Global
	GlobalSection(SolutionConfigurationPlatforms) = preSolution
		Debug|Any CPU = Debug|Any CPU
		Release|Any CPU = Release|Any CPU
	EndGlobalSection
	GlobalSection(ProjectConfigurationPlatforms) = postSolution
		{B7C16F18-BB21-48AA-BAA0-5CD6D8DAFE18}.Debug|Any CPU.ActiveCfg = Debug|Any CPU
		{B7C16F18-BB21-48AA-BAA0-5CD6D8DAFE18}.Debug|Any CPU.Build.0 = Debug|Any CPU
		{B7C16F18-BB21-48AA-BAA0-5CD6D8DAFE18}.Debug|Any CPU.Deploy.0 = Debug|Any CPU
		{B7C16F18-BB21-48AA-BAA0-5CD6D8DAFE18}.Release|Any CPU.ActiveCfg = Release|Any CPU
		{B7C16F18-BB21-48AA-BAA0-5CD6D8DAFE18}.Release|Any CPU.Build.0 = Release|Any CPU
		{B7C16F18-BB21-48AA-BAA0-5CD6D8DAFE18}.Release|Any CPU.Deploy.0 = Release|Any CPU
	EndGlobalSection
	GlobalSection(SolutionProperties) = preSolution
		HideSolutionNode = FALSE
	EndGlobalSection
	GlobalSection(ExtensibilityGlobals) = postSolution
		SolutionGuid = {C2D26375-98EE-4174-A07B-492DDCE6AD7E}
	EndGlobalSection
EndGlobal
